
Microsoft Visual Studio Solution File, Format Version 12.00
# Visual Studio Version 17
VisualStudioVersion = 17.9.34622.214
MinimumVisualStudioVersion = 10.0.40219.1
Project("{8BC9CEB8-8B4A-11D0-8D11-00A0C91BC942}") = "VulnFastCheck", "VulnFastCheck.vcxproj", "{83A10ACF-18BD-47EF-877B-026C90602761}"
EndProject
Project("{8BC9CEB8-8B4A-11D0-8D11-00A0C91BC942}") = "test", "test\test.vcxproj", "{D46277A1-D806-4CB5-B2B1-1760A583609F}"
EndProject
Project("{2150E333-8FDC-42A3-9474-1A3956D46DE8}") = "Poc", "Poc", "{8C2BC924-EBE0-4E7F-B342-87599ED7AD4E}"
EndProject
Project("{2150E333-8FDC-42A3-9474-1A3956D46DE8}") = "UninitializedMemory", "UninitializedMemory", "{AC7F6431-F3E9-48AB-8BCF-284D87581B30}"
EndProject
Project("{8BC9CEB8-8B4A-11D0-8D11-00A0C91BC942}") = "WMIUninitializePointer-CVE-2016-0040", "Pocs\UninitializedMemory\WMIUninitializePointer-CVE-2016-0040\WMIUninitializePointer-CVE-2016-0040.vcxproj", "{58FD692D-B56A-4E0C-921C-A53657E20B03}"
EndProject
Project("{2150E333-8FDC-42A3-9474-1A3956D46DE8}") = "2024", "2024", "{21471004-891B-4C6D-B4E2-FC7F700F06CD}"
EndProject
Project("{8BC9CEB8-8B4A-11D0-8D11-00A0C91BC942}") = "Ksthunk_IntegerOverflow_NonPagedExp", "Pocs\2024\Ksthunk_IntegerOverflow_NonPagedExp\Ksthunk_IntegerOverflow_NonPagedExp.vcxproj", "{37DAE3CC-0A56-4230-8F49-1EC646FEA92D}"
EndProject
Project("{8BC9CEB8-8B4A-11D0-8D11-00A0C91BC942}") = "ExpCore", "Pocs\ExpCore\ExpCore.vcxproj", "{B527255B-691C-43BD-A852-BE2BC3289BBF}"
EndProject
Project("{2150E333-8FDC-42A3-9474-1A3956D46DE8}") = "2020", "2020", "{9636232C-D2EB-40D8-A38B-432030BC8558}"
EndProject
Project("{8BC9CEB8-8B4A-11D0-8D11-00A0C91BC942}") = "CNGPoolOverflow_CVE-2020-17087", "Pocs\2020\CNGPoolOverflow_CVE-2020-17087\CNGPoolOverflow_CVE-2020-17087.vcxproj", "{D7B6B640-C0CE-4E4F-A0BB-6817136AABA2}"
EndProject
Project("{2150E333-8FDC-42A3-9474-1A3956D46DE8}") = "2025", "2025", "{F6F0B718-86FA-4A33-AD84-11FAB50F85F6}"
EndProject
Project("{8BC9CEB8-8B4A-11D0-8D11-00A0C91BC942}") = "MessageManager_exp", "Pocs\2025\MessageManager_exp\MessageManager_exp.vcxproj", "{C5206B88-2FD5-435B-9247-1C7A02EB8B0C}"
EndProject
Project("{8BC9CEB8-8B4A-11D0-8D11-00A0C91BC942}") = "CVE-2024-26170_CimFS", "Pocs\2025\CVE-2024-26170_CimFS\CVE-2024-26170_CimFS.vcxproj", "{93443EB2-3456-438A-B7C5-349F8970117F}"
EndProject
Project("{2150E333-8FDC-42A3-9474-1A3956D46DE8}") = "2023", "2023", "{02EA681E-C7D8-13C7-8484-4AC65E1B71E8}"
EndProject
Project("{2150E333-8FDC-42A3-9474-1A3956D46DE8}") = "fhsvc", "fhsvc", "{F324C912-389A-46F6-971B-254D1DD69DFD}"
EndProject
Project("{8BC9CEB8-8B4A-11D0-8D11-00A0C91BC942}") = "CVE-2023-35359-exp", "Pocs\2023\fhsvc\CVE-2023-35359-exp\CVE-2023-35359-exp.vcxproj", "{05CD66A5-1DC1-46E2-97A0-3C087E3254C9}"
EndProject
Project("{8BC9CEB8-8B4A-11D0-8D11-00A0C91BC942}") = "msasn", "Pocs\2023\fhsvc\msasn\msasn.vcxproj", "{8273E12B-EE2F-4BAE-B013-FC98A4CB743A}"
EndProject
Project("{8BC9CEB8-8B4A-11D0-8D11-00A0C91BC942}") = "NtQueryInformationWorkerFactory-poc", "Pocs\2025\NtQueryInformationWorkerFactory-poc\NtQueryInformationWorkerFactory-poc.vcxproj", "{6BF97365-3318-4282-9205-C8B72479DE57}"
EndProject
Project("{8BC9CEB8-8B4A-11D0-8D11-00A0C91BC942}") = "ETW", "Pocs\2025\ETW\ETW.vcxproj", "{7F90A3A6-B3C3-40DF-8F9D-7540DC38AC89}"
EndProject
Project("{8BC9CEB8-8B4A-11D0-8D11-00A0C91BC942}") = "LnkNTLM", "Pocs\2025\LnkNTLM\LnkNTLM.vcxproj", "{D9702D97-64AD-40B0-B1D7-A34E1653080B}"
EndProject
Project("{8BC9CEB8-8B4A-11D0-8D11-00A0C91BC942}") = "BackupEventLog", "Pocs\2025\BackupEventLog\BackupEventLog.vcxproj", "{01C55332-CC90-4216-8252-27C3FEF0B94C}"
EndProject
Project("{8BC9CEB8-8B4A-11D0-8D11-00A0C91BC942}") = "ClearEventLogTool", "Pocs\2025\ClearEventLogTool\ClearEventLogTool.vcxproj", "{C4D1A0F3-E196-4A75-89A5-93A0F142844A}"
EndProject
Project("{8BC9CEB8-8B4A-11D0-8D11-00A0C91BC942}") = "Win32k_1", "Pocs\2025\Win32k_1\Win32k_1.vcxproj", "{4B72F673-97DC-4596-BFC4-0B7DAD9E2385}"
EndProject
Project("{2150E333-8FDC-42A3-9474-1A3956D46DE8}") = "BypassKASLR", "BypassKASLR", "{740B20FF-F2D0-4DFA-819C-F588C44777F2}"
EndProject
Global
	GlobalSection(SolutionConfigurationPlatforms) = preSolution
		Debug|x64 = Debug|x64
		Debug|x86 = Debug|x86
		Release|x64 = Release|x64
		Release|x86 = Release|x86
		Secure|x64 = Secure|x64
		Secure|x86 = Secure|x86
	EndGlobalSection
	GlobalSection(ProjectConfigurationPlatforms) = postSolution
		{83A10ACF-18BD-47EF-877B-026C90602761}.Debug|x64.ActiveCfg = Debug|x64
		{83A10ACF-18BD-47EF-877B-026C90602761}.Debug|x64.Build.0 = Debug|x64
		{83A10ACF-18BD-47EF-877B-026C90602761}.Debug|x86.ActiveCfg = Debug|Win32
		{83A10ACF-18BD-47EF-877B-026C90602761}.Debug|x86.Build.0 = Debug|Win32
		{83A10ACF-18BD-47EF-877B-026C90602761}.Release|x64.ActiveCfg = Release|x64
		{83A10ACF-18BD-47EF-877B-026C90602761}.Release|x64.Build.0 = Release|x64
		{83A10ACF-18BD-47EF-877B-026C90602761}.Release|x86.ActiveCfg = Release|Win32
		{83A10ACF-18BD-47EF-877B-026C90602761}.Release|x86.Build.0 = Release|Win32
		{83A10ACF-18BD-47EF-877B-026C90602761}.Secure|x64.ActiveCfg = Secure|x64
		{83A10ACF-18BD-47EF-877B-026C90602761}.Secure|x64.Build.0 = Secure|x64
		{83A10ACF-18BD-47EF-877B-026C90602761}.Secure|x86.ActiveCfg = Secure|Win32
		{83A10ACF-18BD-47EF-877B-026C90602761}.Secure|x86.Build.0 = Secure|Win32
		{D46277A1-D806-4CB5-B2B1-1760A583609F}.Debug|x64.ActiveCfg = Debug|x64
		{D46277A1-D806-4CB5-B2B1-1760A583609F}.Debug|x64.Build.0 = Debug|x64
		{D46277A1-D806-4CB5-B2B1-1760A583609F}.Debug|x86.ActiveCfg = Debug|Win32
		{D46277A1-D806-4CB5-B2B1-1760A583609F}.Debug|x86.Build.0 = Debug|Win32
		{D46277A1-D806-4CB5-B2B1-1760A583609F}.Release|x64.ActiveCfg = Release|x64
		{D46277A1-D806-4CB5-B2B1-1760A583609F}.Release|x64.Build.0 = Release|x64
		{D46277A1-D806-4CB5-B2B1-1760A583609F}.Release|x86.ActiveCfg = Release|Win32
		{D46277A1-D806-4CB5-B2B1-1760A583609F}.Release|x86.Build.0 = Release|Win32
		{D46277A1-D806-4CB5-B2B1-1760A583609F}.Secure|x64.ActiveCfg = Debug|x64
		{D46277A1-D806-4CB5-B2B1-1760A583609F}.Secure|x64.Build.0 = Debug|x64
		{D46277A1-D806-4CB5-B2B1-1760A583609F}.Secure|x86.ActiveCfg = Debug|Win32
		{D46277A1-D806-4CB5-B2B1-1760A583609F}.Secure|x86.Build.0 = Debug|Win32
		{58FD692D-B56A-4E0C-921C-A53657E20B03}.Debug|x64.ActiveCfg = Debug|x64
		{58FD692D-B56A-4E0C-921C-A53657E20B03}.Debug|x64.Build.0 = Debug|x64
		{58FD692D-B56A-4E0C-921C-A53657E20B03}.Debug|x86.ActiveCfg = Debug|Win32
		{58FD692D-B56A-4E0C-921C-A53657E20B03}.Debug|x86.Build.0 = Debug|Win32
		{58FD692D-B56A-4E0C-921C-A53657E20B03}.Release|x64.ActiveCfg = Release|x64
		{58FD692D-B56A-4E0C-921C-A53657E20B03}.Release|x64.Build.0 = Release|x64
		{58FD692D-B56A-4E0C-921C-A53657E20B03}.Release|x86.ActiveCfg = Release|Win32
		{58FD692D-B56A-4E0C-921C-A53657E20B03}.Release|x86.Build.0 = Release|Win32
		{58FD692D-B56A-4E0C-921C-A53657E20B03}.Secure|x64.ActiveCfg = Debug|x64
		{58FD692D-B56A-4E0C-921C-A53657E20B03}.Secure|x64.Build.0 = Debug|x64
		{58FD692D-B56A-4E0C-921C-A53657E20B03}.Secure|x86.ActiveCfg = Debug|Win32
		{58FD692D-B56A-4E0C-921C-A53657E20B03}.Secure|x86.Build.0 = Debug|Win32
		{37DAE3CC-0A56-4230-8F49-1EC646FEA92D}.Debug|x64.ActiveCfg = Debug|x64
		{37DAE3CC-0A56-4230-8F49-1EC646FEA92D}.Debug|x64.Build.0 = Debug|x64
		{37DAE3CC-0A56-4230-8F49-1EC646FEA92D}.Debug|x86.ActiveCfg = Debug|Win32
		{37DAE3CC-0A56-4230-8F49-1EC646FEA92D}.Debug|x86.Build.0 = Debug|Win32
		{37DAE3CC-0A56-4230-8F49-1EC646FEA92D}.Release|x64.ActiveCfg = Release|x64
		{37DAE3CC-0A56-4230-8F49-1EC646FEA92D}.Release|x64.Build.0 = Release|x64
		{37DAE3CC-0A56-4230-8F49-1EC646FEA92D}.Release|x86.ActiveCfg = Release|Win32
		{37DAE3CC-0A56-4230-8F49-1EC646FEA92D}.Release|x86.Build.0 = Release|Win32
		{37DAE3CC-0A56-4230-8F49-1EC646FEA92D}.Secure|x64.ActiveCfg = Debug|x64
		{37DAE3CC-0A56-4230-8F49-1EC646FEA92D}.Secure|x64.Build.0 = Debug|x64
		{37DAE3CC-0A56-4230-8F49-1EC646FEA92D}.Secure|x86.ActiveCfg = Debug|Win32
		{37DAE3CC-0A56-4230-8F49-1EC646FEA92D}.Secure|x86.Build.0 = Debug|Win32
		{B527255B-691C-43BD-A852-BE2BC3289BBF}.Debug|x64.ActiveCfg = Debug|x64
		{B527255B-691C-43BD-A852-BE2BC3289BBF}.Debug|x64.Build.0 = Debug|x64
		{B527255B-691C-43BD-A852-BE2BC3289BBF}.Debug|x86.ActiveCfg = Debug|Win32
		{B527255B-691C-43BD-A852-BE2BC3289BBF}.Debug|x86.Build.0 = Debug|Win32
		{B527255B-691C-43BD-A852-BE2BC3289BBF}.Release|x64.ActiveCfg = Release|x64
		{B527255B-691C-43BD-A852-BE2BC3289BBF}.Release|x64.Build.0 = Release|x64
		{B527255B-691C-43BD-A852-BE2BC3289BBF}.Release|x86.ActiveCfg = Release|Win32
		{B527255B-691C-43BD-A852-BE2BC3289BBF}.Release|x86.Build.0 = Release|Win32
		{B527255B-691C-43BD-A852-BE2BC3289BBF}.Secure|x64.ActiveCfg = Debug|x64
		{B527255B-691C-43BD-A852-BE2BC3289BBF}.Secure|x64.Build.0 = Debug|x64
		{B527255B-691C-43BD-A852-BE2BC3289BBF}.Secure|x86.ActiveCfg = Debug|Win32
		{B527255B-691C-43BD-A852-BE2BC3289BBF}.Secure|x86.Build.0 = Debug|Win32
		{D7B6B640-C0CE-4E4F-A0BB-6817136AABA2}.Debug|x64.ActiveCfg = Debug|x64
		{D7B6B640-C0CE-4E4F-A0BB-6817136AABA2}.Debug|x64.Build.0 = Debug|x64
		{D7B6B640-C0CE-4E4F-A0BB-6817136AABA2}.Debug|x86.ActiveCfg = Debug|Win32
		{D7B6B640-C0CE-4E4F-A0BB-6817136AABA2}.Debug|x86.Build.0 = Debug|Win32
		{D7B6B640-C0CE-4E4F-A0BB-6817136AABA2}.Release|x64.ActiveCfg = Release|x64
		{D7B6B640-C0CE-4E4F-A0BB-6817136AABA2}.Release|x64.Build.0 = Release|x64
		{D7B6B640-C0CE-4E4F-A0BB-6817136AABA2}.Release|x86.ActiveCfg = Release|Win32
		{D7B6B640-C0CE-4E4F-A0BB-6817136AABA2}.Release|x86.Build.0 = Release|Win32
		{D7B6B640-C0CE-4E4F-A0BB-6817136AABA2}.Secure|x64.ActiveCfg = Debug|x64
		{D7B6B640-C0CE-4E4F-A0BB-6817136AABA2}.Secure|x64.Build.0 = Debug|x64
		{D7B6B640-C0CE-4E4F-A0BB-6817136AABA2}.Secure|x86.ActiveCfg = Debug|Win32
		{D7B6B640-C0CE-4E4F-A0BB-6817136AABA2}.Secure|x86.Build.0 = Debug|Win32
		{C5206B88-2FD5-435B-9247-1C7A02EB8B0C}.Debug|x64.ActiveCfg = Debug|x64
		{C5206B88-2FD5-435B-9247-1C7A02EB8B0C}.Debug|x64.Build.0 = Debug|x64
		{C5206B88-2FD5-435B-9247-1C7A02EB8B0C}.Debug|x86.ActiveCfg = Debug|Win32
		{C5206B88-2FD5-435B-9247-1C7A02EB8B0C}.Debug|x86.Build.0 = Debug|Win32
		{C5206B88-2FD5-435B-9247-1C7A02EB8B0C}.Release|x64.ActiveCfg = Release|x64
		{C5206B88-2FD5-435B-9247-1C7A02EB8B0C}.Release|x64.Build.0 = Release|x64
		{C5206B88-2FD5-435B-9247-1C7A02EB8B0C}.Release|x86.ActiveCfg = Release|Win32
		{C5206B88-2FD5-435B-9247-1C7A02EB8B0C}.Release|x86.Build.0 = Release|Win32
		{C5206B88-2FD5-435B-9247-1C7A02EB8B0C}.Secure|x64.ActiveCfg = Debug|x64
		{C5206B88-2FD5-435B-9247-1C7A02EB8B0C}.Secure|x64.Build.0 = Debug|x64
		{C5206B88-2FD5-435B-9247-1C7A02EB8B0C}.Secure|x86.ActiveCfg = Debug|Win32
		{C5206B88-2FD5-435B-9247-1C7A02EB8B0C}.Secure|x86.Build.0 = Debug|Win32
		{93443EB2-3456-438A-B7C5-349F8970117F}.Debug|x64.ActiveCfg = Debug|x64
		{93443EB2-3456-438A-B7C5-349F8970117F}.Debug|x64.Build.0 = Debug|x64
		{93443EB2-3456-438A-B7C5-349F8970117F}.Debug|x86.ActiveCfg = Debug|Win32
		{93443EB2-3456-438A-B7C5-349F8970117F}.Debug|x86.Build.0 = Debug|Win32
		{93443EB2-3456-438A-B7C5-349F8970117F}.Release|x64.ActiveCfg = Release|x64
		{93443EB2-3456-438A-B7C5-349F8970117F}.Release|x64.Build.0 = Release|x64
		{93443EB2-3456-438A-B7C5-349F8970117F}.Release|x86.ActiveCfg = Release|Win32
		{93443EB2-3456-438A-B7C5-349F8970117F}.Release|x86.Build.0 = Release|Win32
		{93443EB2-3456-438A-B7C5-349F8970117F}.Secure|x64.ActiveCfg = Debug|x64
		{93443EB2-3456-438A-B7C5-349F8970117F}.Secure|x64.Build.0 = Debug|x64
		{93443EB2-3456-438A-B7C5-349F8970117F}.Secure|x86.ActiveCfg = Debug|Win32
		{93443EB2-3456-438A-B7C5-349F8970117F}.Secure|x86.Build.0 = Debug|Win32
		{05CD66A5-1DC1-46E2-97A0-3C087E3254C9}.Debug|x64.ActiveCfg = Debug|x64
		{05CD66A5-1DC1-46E2-97A0-3C087E3254C9}.Debug|x64.Build.0 = Debug|x64
		{05CD66A5-1DC1-46E2-97A0-3C087E3254C9}.Debug|x86.ActiveCfg = Debug|Win32
		{05CD66A5-1DC1-46E2-97A0-3C087E3254C9}.Debug|x86.Build.0 = Debug|Win32
		{05CD66A5-1DC1-46E2-97A0-3C087E3254C9}.Release|x64.ActiveCfg = Release|x64
		{05CD66A5-1DC1-46E2-97A0-3C087E3254C9}.Release|x64.Build.0 = Release|x64
		{05CD66A5-1DC1-46E2-97A0-3C087E3254C9}.Release|x86.ActiveCfg = Release|Win32
		{05CD66A5-1DC1-46E2-97A0-3C087E3254C9}.Release|x86.Build.0 = Release|Win32
		{05CD66A5-1DC1-46E2-97A0-3C087E3254C9}.Secure|x64.ActiveCfg = Debug|x64
		{05CD66A5-1DC1-46E2-97A0-3C087E3254C9}.Secure|x64.Build.0 = Debug|x64
		{05CD66A5-1DC1-46E2-97A0-3C087E3254C9}.Secure|x86.ActiveCfg = Debug|Win32
		{05CD66A5-1DC1-46E2-97A0-3C087E3254C9}.Secure|x86.Build.0 = Debug|Win32
		{8273E12B-EE2F-4BAE-B013-FC98A4CB743A}.Debug|x64.ActiveCfg = Debug|x64
		{8273E12B-EE2F-4BAE-B013-FC98A4CB743A}.Debug|x64.Build.0 = Debug|x64
		{8273E12B-EE2F-4BAE-B013-FC98A4CB743A}.Debug|x86.ActiveCfg = Debug|Win32
		{8273E12B-EE2F-4BAE-B013-FC98A4CB743A}.Debug|x86.Build.0 = Debug|Win32
		{8273E12B-EE2F-4BAE-B013-FC98A4CB743A}.Release|x64.ActiveCfg = Release|x64
		{8273E12B-EE2F-4BAE-B013-FC98A4CB743A}.Release|x64.Build.0 = Release|x64
		{8273E12B-EE2F-4BAE-B013-FC98A4CB743A}.Release|x86.ActiveCfg = Release|Win32
		{8273E12B-EE2F-4BAE-B013-FC98A4CB743A}.Release|x86.Build.0 = Release|Win32
		{8273E12B-EE2F-4BAE-B013-FC98A4CB743A}.Secure|x64.ActiveCfg = Debug|x64
		{8273E12B-EE2F-4BAE-B013-FC98A4CB743A}.Secure|x64.Build.0 = Debug|x64
		{8273E12B-EE2F-4BAE-B013-FC98A4CB743A}.Secure|x86.ActiveCfg = Debug|Win32
		{8273E12B-EE2F-4BAE-B013-FC98A4CB743A}.Secure|x86.Build.0 = Debug|Win32
		{6BF97365-3318-4282-9205-C8B72479DE57}.Debug|x64.ActiveCfg = Debug|x64
		{6BF97365-3318-4282-9205-C8B72479DE57}.Debug|x64.Build.0 = Debug|x64
		{6BF97365-3318-4282-9205-C8B72479DE57}.Debug|x86.ActiveCfg = Debug|Win32
		{6BF97365-3318-4282-9205-C8B72479DE57}.Debug|x86.Build.0 = Debug|Win32
		{6BF97365-3318-4282-9205-C8B72479DE57}.Release|x64.ActiveCfg = Release|x64
		{6BF97365-3318-4282-9205-C8B72479DE57}.Release|x64.Build.0 = Release|x64
		{6BF97365-3318-4282-9205-C8B72479DE57}.Release|x86.ActiveCfg = Release|Win32
		{6BF97365-3318-4282-9205-C8B72479DE57}.Release|x86.Build.0 = Release|Win32
		{6BF97365-3318-4282-9205-C8B72479DE57}.Secure|x64.ActiveCfg = Debug|x64
		{6BF97365-3318-4282-9205-C8B72479DE57}.Secure|x64.Build.0 = Debug|x64
		{6BF97365-3318-4282-9205-C8B72479DE57}.Secure|x86.ActiveCfg = Debug|Win32
		{6BF97365-3318-4282-9205-C8B72479DE57}.Secure|x86.Build.0 = Debug|Win32
		{7F90A3A6-B3C3-40DF-8F9D-7540DC38AC89}.Debug|x64.ActiveCfg = Debug|x64
		{7F90A3A6-B3C3-40DF-8F9D-7540DC38AC89}.Debug|x64.Build.0 = Debug|x64
		{7F90A3A6-B3C3-40DF-8F9D-7540DC38AC89}.Debug|x86.ActiveCfg = Debug|Win32
		{7F90A3A6-B3C3-40DF-8F9D-7540DC38AC89}.Debug|x86.Build.0 = Debug|Win32
		{7F90A3A6-B3C3-40DF-8F9D-7540DC38AC89}.Release|x64.ActiveCfg = Release|x64
		{7F90A3A6-B3C3-40DF-8F9D-7540DC38AC89}.Release|x64.Build.0 = Release|x64
		{7F90A3A6-B3C3-40DF-8F9D-7540DC38AC89}.Release|x86.ActiveCfg = Release|Win32
		{7F90A3A6-B3C3-40DF-8F9D-7540DC38AC89}.Release|x86.Build.0 = Release|Win32
		{7F90A3A6-B3C3-40DF-8F9D-7540DC38AC89}.Secure|x64.ActiveCfg = Debug|x64
		{7F90A3A6-B3C3-40DF-8F9D-7540DC38AC89}.Secure|x64.Build.0 = Debug|x64
		{7F90A3A6-B3C3-40DF-8F9D-7540DC38AC89}.Secure|x86.ActiveCfg = Debug|Win32
		{7F90A3A6-B3C3-40DF-8F9D-7540DC38AC89}.Secure|x86.Build.0 = Debug|Win32
		{D9702D97-64AD-40B0-B1D7-A34E1653080B}.Debug|x64.ActiveCfg = Debug|x64
		{D9702D97-64AD-40B0-B1D7-A34E1653080B}.Debug|x64.Build.0 = Debug|x64
		{D9702D97-64AD-40B0-B1D7-A34E1653080B}.Debug|x86.ActiveCfg = Debug|Win32
		{D9702D97-64AD-40B0-B1D7-A34E1653080B}.Debug|x86.Build.0 = Debug|Win32
		{D9702D97-64AD-40B0-B1D7-A34E1653080B}.Release|x64.ActiveCfg = Release|x64
		{D9702D97-64AD-40B0-B1D7-A34E1653080B}.Release|x64.Build.0 = Release|x64
		{D9702D97-64AD-40B0-B1D7-A34E1653080B}.Release|x86.ActiveCfg = Release|Win32
		{D9702D97-64AD-40B0-B1D7-A34E1653080B}.Release|x86.Build.0 = Release|Win32
		{D9702D97-64AD-40B0-B1D7-A34E1653080B}.Secure|x64.ActiveCfg = Debug|x64
		{D9702D97-64AD-40B0-B1D7-A34E1653080B}.Secure|x64.Build.0 = Debug|x64
		{D9702D97-64AD-40B0-B1D7-A34E1653080B}.Secure|x86.ActiveCfg = Debug|Win32
		{D9702D97-64AD-40B0-B1D7-A34E1653080B}.Secure|x86.Build.0 = Debug|Win32
		{01C55332-CC90-4216-8252-27C3FEF0B94C}.Debug|x64.ActiveCfg = Debug|x64
		{01C55332-CC90-4216-8252-27C3FEF0B94C}.Debug|x64.Build.0 = Debug|x64
		{01C55332-CC90-4216-8252-27C3FEF0B94C}.Debug|x86.ActiveCfg = Debug|Win32
		{01C55332-CC90-4216-8252-27C3FEF0B94C}.Debug|x86.Build.0 = Debug|Win32
		{01C55332-CC90-4216-8252-27C3FEF0B94C}.Release|x64.ActiveCfg = Release|x64
		{01C55332-CC90-4216-8252-27C3FEF0B94C}.Release|x64.Build.0 = Release|x64
		{01C55332-CC90-4216-8252-27C3FEF0B94C}.Release|x86.ActiveCfg = Release|Win32
		{01C55332-CC90-4216-8252-27C3FEF0B94C}.Release|x86.Build.0 = Release|Win32
		{01C55332-CC90-4216-8252-27C3FEF0B94C}.Secure|x64.ActiveCfg = Debug|x64
		{01C55332-CC90-4216-8252-27C3FEF0B94C}.Secure|x64.Build.0 = Debug|x64
		{01C55332-CC90-4216-8252-27C3FEF0B94C}.Secure|x86.ActiveCfg = Debug|Win32
		{01C55332-CC90-4216-8252-27C3FEF0B94C}.Secure|x86.Build.0 = Debug|Win32
		{C4D1A0F3-E196-4A75-89A5-93A0F142844A}.Debug|x64.ActiveCfg = Debug|x64
		{C4D1A0F3-E196-4A75-89A5-93A0F142844A}.Debug|x64.Build.0 = Debug|x64
		{C4D1A0F3-E196-4A75-89A5-93A0F142844A}.Debug|x86.ActiveCfg = Debug|Win32
		{C4D1A0F3-E196-4A75-89A5-93A0F142844A}.Debug|x86.Build.0 = Debug|Win32
		{C4D1A0F3-E196-4A75-89A5-93A0F142844A}.Release|x64.ActiveCfg = Release|x64
		{C4D1A0F3-E196-4A75-89A5-93A0F142844A}.Release|x64.Build.0 = Release|x64
		{C4D1A0F3-E196-4A75-89A5-93A0F142844A}.Release|x86.ActiveCfg = Release|Win32
		{C4D1A0F3-E196-4A75-89A5-93A0F142844A}.Release|x86.Build.0 = Release|Win32
		{C4D1A0F3-E196-4A75-89A5-93A0F142844A}.Secure|x64.ActiveCfg = Debug|x64
		{C4D1A0F3-E196-4A75-89A5-93A0F142844A}.Secure|x64.Build.0 = Debug|x64
		{C4D1A0F3-E196-4A75-89A5-93A0F142844A}.Secure|x86.ActiveCfg = Debug|Win32
		{C4D1A0F3-E196-4A75-89A5-93A0F142844A}.Secure|x86.Build.0 = Debug|Win32
		{4B72F673-97DC-4596-BFC4-0B7DAD9E2385}.Debug|x64.ActiveCfg = Debug|x64
		{4B72F673-97DC-4596-BFC4-0B7DAD9E2385}.Debug|x64.Build.0 = Debug|x64
		{4B72F673-97DC-4596-BFC4-0B7DAD9E2385}.Debug|x86.ActiveCfg = Debug|Win32
		{4B72F673-97DC-4596-BFC4-0B7DAD9E2385}.Debug|x86.Build.0 = Debug|Win32
		{4B72F673-97DC-4596-BFC4-0B7DAD9E2385}.Release|x64.ActiveCfg = Release|x64
		{4B72F673-97DC-4596-BFC4-0B7DAD9E2385}.Release|x64.Build.0 = Release|x64
		{4B72F673-97DC-4596-BFC4-0B7DAD9E2385}.Release|x86.ActiveCfg = Release|Win32
		{4B72F673-97DC-4596-BFC4-0B7DAD9E2385}.Release|x86.Build.0 = Release|Win32
		{4B72F673-97DC-4596-BFC4-0B7DAD9E2385}.Secure|x64.ActiveCfg = Debug|x64
		{4B72F673-97DC-4596-BFC4-0B7DAD9E2385}.Secure|x64.Build.0 = Debug|x64
		{4B72F673-97DC-4596-BFC4-0B7DAD9E2385}.Secure|x86.ActiveCfg = Debug|Win32
		{4B72F673-97DC-4596-BFC4-0B7DAD9E2385}.Secure|x86.Build.0 = Debug|Win32
	EndGlobalSection
	GlobalSection(SolutionProperties) = preSolution
		HideSolutionNode = FALSE
	EndGlobalSection
	GlobalSection(NestedProjects) = preSolution
		{AC7F6431-F3E9-48AB-8BCF-284D87581B30} = {8C2BC924-EBE0-4E7F-B342-87599ED7AD4E}
		{58FD692D-B56A-4E0C-921C-A53657E20B03} = {AC7F6431-F3E9-48AB-8BCF-284D87581B30}
		{21471004-891B-4C6D-B4E2-FC7F700F06CD} = {8C2BC924-EBE0-4E7F-B342-87599ED7AD4E}
		{37DAE3CC-0A56-4230-8F49-1EC646FEA92D} = {21471004-891B-4C6D-B4E2-FC7F700F06CD}
		{B527255B-691C-43BD-A852-BE2BC3289BBF} = {8C2BC924-EBE0-4E7F-B342-87599ED7AD4E}
		{9636232C-D2EB-40D8-A38B-432030BC8558} = {8C2BC924-EBE0-4E7F-B342-87599ED7AD4E}
		{D7B6B640-C0CE-4E4F-A0BB-6817136AABA2} = {9636232C-D2EB-40D8-A38B-432030BC8558}
		{F6F0B718-86FA-4A33-AD84-11FAB50F85F6} = {8C2BC924-EBE0-4E7F-B342-87599ED7AD4E}
		{C5206B88-2FD5-435B-9247-1C7A02EB8B0C} = {F6F0B718-86FA-4A33-AD84-11FAB50F85F6}
		{93443EB2-3456-438A-B7C5-349F8970117F} = {F6F0B718-86FA-4A33-AD84-11FAB50F85F6}
		{02EA681E-C7D8-13C7-8484-4AC65E1B71E8} = {8C2BC924-EBE0-4E7F-B342-87599ED7AD4E}
		{F324C912-389A-46F6-971B-254D1DD69DFD} = {02EA681E-C7D8-13C7-8484-4AC65E1B71E8}
		{05CD66A5-1DC1-46E2-97A0-3C087E3254C9} = {F324C912-389A-46F6-971B-254D1DD69DFD}
		{8273E12B-EE2F-4BAE-B013-FC98A4CB743A} = {F324C912-389A-46F6-971B-254D1DD69DFD}
		{6BF97365-3318-4282-9205-C8B72479DE57} = {F6F0B718-86FA-4A33-AD84-11FAB50F85F6}
		{7F90A3A6-B3C3-40DF-8F9D-7540DC38AC89} = {F6F0B718-86FA-4A33-AD84-11FAB50F85F6}
		{D9702D97-64AD-40B0-B1D7-A34E1653080B} = {F6F0B718-86FA-4A33-AD84-11FAB50F85F6}
		{01C55332-CC90-4216-8252-27C3FEF0B94C} = {F6F0B718-86FA-4A33-AD84-11FAB50F85F6}
		{C4D1A0F3-E196-4A75-89A5-93A0F142844A} = {F6F0B718-86FA-4A33-AD84-11FAB50F85F6}
		{4B72F673-97DC-4596-BFC4-0B7DAD9E2385} = {F6F0B718-86FA-4A33-AD84-11FAB50F85F6}
		{740B20FF-F2D0-4DFA-819C-F588C44777F2} = {8C2BC924-EBE0-4E7F-B342-87599ED7AD4E}
	EndGlobalSection
	GlobalSection(ExtensibilityGlobals) = postSolution
		SolutionGuid = {A0AE88E2-9701-4D0E-8222-AD4F9EE1B58C}
	EndGlobalSection
EndGlobal
